
Microsoft Visual Studio Solution File, Format Version 12.00
# Visual Studio Version 16
VisualStudioVersion = 16.0.28803.452
MinimumVisualStudioVersion = 10.0.40219.1
Project("{FAE04EC0-301F-11D3-BF4B-00C04F79EFBC}") = "Graph_", "Graph_\Graph_.csproj", "{A8C126CA-8B90-4523-8B7E-91E854047902}"
EndProject
Global
	GlobalSection(SolutionConfigurationPlatforms) = preSolution
		Debug|Any CPU = Debug|Any CPU
		Release|Any CPU = Release|Any CPU
	EndGlobalSection
	GlobalSection(ProjectConfigurationPlatforms) = postSolution
		{A8C126CA-8B90-4523-8B7E-91E854047902}.Debug|Any CPU.ActiveCfg = Debug|Any CPU
		{A8C126CA-8B90-4523-8B7E-91E854047902}.Debug|Any CPU.Build.0 = Debug|Any CPU
		{A8C126CA-8B90-4523-8B7E-91E854047902}.Release|Any CPU.ActiveCfg = Release|Any CPU
		{A8C126CA-8B90-4523-8B7E-91E854047902}.Release|Any CPU.Build.0 = Release|Any CPU
	EndGlobalSection
	GlobalSection(SolutionProperties) = preSolution
		HideSolutionNode = FALSE
	EndGlobalSection
	GlobalSection(ExtensibilityGlobals) = postSolution
		SolutionGuid = {DD1D7CAD-ECD7-4509-AB92-A0EE63545D2A}
	EndGlobalSection
EndGlobal
